
Microsoft Visual Studio Solution File, Format Version 12.00
# Visual Studio Version 17
VisualStudioVersion = 17.0.31903.59
MinimumVisualStudioVersion = 10.0.40219.1
Project("{9A19103F-16F7-4668-BE54-9A1E7A4F7556}") = "drools.dotnet", "drools.dotnet\drools.dotnet.csproj", "{03CF07A9-B4C7-4D83-8BCF-69FCE844FAC2}"
EndProject
Project("{9A19103F-16F7-4668-BE54-9A1E7A4F7556}") = "drools.dotnet.examples", "drools.dotnet.examples\drools.dotnet.examples.csproj", "{CCC9C9F8-19D2-4052-AABF-40C37E204F97}"
EndProject
Project("{9A19103F-16F7-4668-BE54-9A1E7A4F7556}") = "drools.dotnet.tests", "drools.dotnet.tests\drools.dotnet.tests.csproj", "{D4E5F6A7-B8C9-4D0E-F1A2-B3C4D5E6F7A8}"
EndProject
Global
	GlobalSection(SolutionConfigurationPlatforms) = preSolution
		Debug|Any CPU = Debug|Any CPU
		Release|Any CPU = Release|Any CPU
	EndGlobalSection
	GlobalSection(ProjectConfigurationPlatforms) = postSolution
		{03CF07A9-B4C7-4D83-8BCF-69FCE844FAC2}.Debug|Any CPU.ActiveCfg = Debug|Any CPU
		{03CF07A9-B4C7-4D83-8BCF-69FCE844FAC2}.Debug|Any CPU.Build.0 = Debug|Any CPU
		{03CF07A9-B4C7-4D83-8BCF-69FCE844FAC2}.Release|Any CPU.ActiveCfg = Release|Any CPU
		{03CF07A9-B4C7-4D83-8BCF-69FCE844FAC2}.Release|Any CPU.Build.0 = Release|Any CPU
		{CCC9C9F8-19D2-4052-AABF-40C37E204F97}.Debug|Any CPU.ActiveCfg = Debug|Any CPU
		{CCC9C9F8-19D2-4052-AABF-40C37E204F97}.Debug|Any CPU.Build.0 = Debug|Any CPU
		{CCC9C9F8-19D2-4052-AABF-40C37E204F97}.Release|Any CPU.ActiveCfg = Release|Any CPU
		{CCC9C9F8-19D2-4052-AABF-40C37E204F97}.Release|Any CPU.Build.0 = Release|Any CPU
		{D4E5F6A7-B8C9-4D0E-F1A2-B3C4D5E6F7A8}.Debug|Any CPU.ActiveCfg = Debug|Any CPU
		{D4E5F6A7-B8C9-4D0E-F1A2-B3C4D5E6F7A8}.Debug|Any CPU.Build.0 = Debug|Any CPU
		{D4E5F6A7-B8C9-4D0E-F1A2-B3C4D5E6F7A8}.Release|Any CPU.ActiveCfg = Release|Any CPU
		{D4E5F6A7-B8C9-4D0E-F1A2-B3C4D5E6F7A8}.Release|Any CPU.Build.0 = Release|Any CPU
	EndGlobalSection
	GlobalSection(SolutionProperties) = preSolution
		HideSolutionNode = FALSE
	EndGlobalSection
	GlobalSection(ExtensibilityGlobals) = postSolution
		SolutionGuid = {A1B2C3D4-E5F6-7890-ABCD-EF1234567890}
	EndGlobalSection
EndGlobal
